// !$*UTF8*$!
{
	archiveVersion = 1;
	classes = {
	};
	objectVersion = 54;
	objects = {

/* Begin PBXBuildFile section */
		28AF077E896AA79AB8DF02E7 /* ReferenceData.swift in Sources */ = {isa = PBXBuildFile; fileRef = 28AF08CBB0FD719F4A2DDBF0 /* ReferenceData.swift */; };
		28AF0A13C09A194A9AF9ADE8 /* View+DragGesture.swift in Sources */ = {isa = PBXBuildFile; fileRef = 28AF0E994FEF0495AA036F15 /* View+DragGesture.swift */; };
		492DE68A297134580032DAA9 /* StudentOSTests.swift in Sources */ = {isa = PBXBuildFile; fileRef = 492DE689297134580032DAA9 /* StudentOSTests.swift */; };
		49502BDF296C0E57000551B0 /* CalendarFunctions.swift in Sources */ = {isa = PBXBuildFile; fileRef = 49502BDE296C0E57000551B0 /* CalendarFunctions.swift */; };
		496899A829360BEF0012B6D7 /* TestData.swift in Sources */ = {isa = PBXBuildFile; fileRef = 4968999829360BEE0012B6D7 /* TestData.swift */; };
		496899A929360BEF0012B6D7 /* Assets.xcassets in Resources */ = {isa = PBXBuildFile; fileRef = 4968999929360BEE0012B6D7 /* Assets.xcassets */; };
		496899AA29360BEF0012B6D7 /* Preview Assets.xcassets in Resources */ = {isa = PBXBuildFile; fileRef = 4968999B29360BEE0012B6D7 /* Preview Assets.xcassets */; };
		496899AB29360BEF0012B6D7 /* Schedule.swift in Sources */ = {isa = PBXBuildFile; fileRef = 4968999D29360BEE0012B6D7 /* Schedule.swift */; };
		496899AC29360BEF0012B6D7 /* Course.swift in Sources */ = {isa = PBXBuildFile; fileRef = 4968999E29360BEE0012B6D7 /* Course.swift */; };
		496899AD29360BEF0012B6D7 /* Theme.swift in Sources */ = {isa = PBXBuildFile; fileRef = 4968999F29360BEE0012B6D7 /* Theme.swift */; };
		496899AE29360BEF0012B6D7 /* StudentOSApp.swift in Sources */ = {isa = PBXBuildFile; fileRef = 496899A029360BEE0012B6D7 /* StudentOSApp.swift */; };
		496899AF29360BEF0012B6D7 /* CourseInfoBlockView.swift in Sources */ = {isa = PBXBuildFile; fileRef = 496899A329360BEE0012B6D7 /* CourseInfoBlockView.swift */; };
		496899B029360BEF0012B6D7 /* CoursesView.swift in Sources */ = {isa = PBXBuildFile; fileRef = 496899A429360BEE0012B6D7 /* CoursesView.swift */; };
		496899B129360BEF0012B6D7 /* ScheduleView.swift in Sources */ = {isa = PBXBuildFile; fileRef = 496899A529360BEE0012B6D7 /* ScheduleView.swift */; };
		496899B229360BEF0012B6D7 /* SidebarView.swift in Sources */ = {isa = PBXBuildFile; fileRef = 496899A629360BEE0012B6D7 /* SidebarView.swift */; };
		496899B329360BEF0012B6D7 /* Launch Screen.swift in Sources */ = {isa = PBXBuildFile; fileRef = 496899A729360BEE0012B6D7 /* Launch Screen.swift */; };
		49DEE7552966D6DA00759968 /* ChangeCourseView.swift in Sources */ = {isa = PBXBuildFile; fileRef = 49DEE7542966D6DA00759968 /* ChangeCourseView.swift */; };
/* End PBXBuildFile section */

/* Begin PBXContainerItemProxy section */
		492DE68B297134580032DAA9 /* PBXContainerItemProxy */ = {
			isa = PBXContainerItemProxy;
			containerPortal = 4968997029360ACA0012B6D7 /* Project object */;
			proxyType = 1;
			remoteGlobalIDString = 4968997729360ACA0012B6D7;
			remoteInfo = StudentOS;
		};
/* End PBXContainerItemProxy section */

/* Begin PBXFileReference section */
		28AF08CBB0FD719F4A2DDBF0 /* ReferenceData.swift */ = {isa = PBXFileReference; fileEncoding = 4; lastKnownFileType = sourcecode.swift; path = ReferenceData.swift; sourceTree = "<group>"; };
		28AF0E994FEF0495AA036F15 /* View+DragGesture.swift */ = {isa = PBXFileReference; fileEncoding = 4; lastKnownFileType = sourcecode.swift; path = "View+DragGesture.swift"; sourceTree = "<group>"; };
		492DE687297134580032DAA9 /* StudentOSTests.xctest */ = {isa = PBXFileReference; explicitFileType = wrapper.cfbundle; includeInIndex = 0; path = StudentOSTests.xctest; sourceTree = BUILT_PRODUCTS_DIR; };
		492DE689297134580032DAA9 /* StudentOSTests.swift */ = {isa = PBXFileReference; lastKnownFileType = sourcecode.swift; path = StudentOSTests.swift; sourceTree = "<group>"; };
		49502BDE296C0E57000551B0 /* CalendarFunctions.swift */ = {isa = PBXFileReference; lastKnownFileType = sourcecode.swift; path = CalendarFunctions.swift; sourceTree = "<group>"; };
		4968997829360ACA0012B6D7 /* StudentOS.app */ = {isa = PBXFileReference; explicitFileType = wrapper.application; includeInIndex = 0; path = StudentOS.app; sourceTree = BUILT_PRODUCTS_DIR; };
		4968999729360BEE0012B6D7 /* StudentOS.entitlements */ = {isa = PBXFileReference; fileEncoding = 4; lastKnownFileType = text.plist.entitlements; path = StudentOS.entitlements; sourceTree = "<group>"; };
		4968999829360BEE0012B6D7 /* TestData.swift */ = {isa = PBXFileReference; fileEncoding = 4; lastKnownFileType = sourcecode.swift; path = TestData.swift; sourceTree = "<group>"; };
		4968999929360BEE0012B6D7 /* Assets.xcassets */ = {isa = PBXFileReference; lastKnownFileType = folder.assetcatalog; path = Assets.xcassets; sourceTree = "<group>"; };
		4968999B29360BEE0012B6D7 /* Preview Assets.xcassets */ = {isa = PBXFileReference; lastKnownFileType = folder.assetcatalog; path = "Preview Assets.xcassets"; sourceTree = "<group>"; };
		4968999D29360BEE0012B6D7 /* Schedule.swift */ = {isa = PBXFileReference; fileEncoding = 4; lastKnownFileType = sourcecode.swift; path = Schedule.swift; sourceTree = "<group>"; };
		4968999E29360BEE0012B6D7 /* Course.swift */ = {isa = PBXFileReference; fileEncoding = 4; lastKnownFileType = sourcecode.swift; path = Course.swift; sourceTree = "<group>"; };
		4968999F29360BEE0012B6D7 /* Theme.swift */ = {isa = PBXFileReference; fileEncoding = 4; lastKnownFileType = sourcecode.swift; path = Theme.swift; sourceTree = "<group>"; };
		496899A029360BEE0012B6D7 /* StudentOSApp.swift */ = {isa = PBXFileReference; fileEncoding = 4; lastKnownFileType = sourcecode.swift; path = StudentOSApp.swift; sourceTree = "<group>"; };
		496899A329360BEE0012B6D7 /* CourseInfoBlockView.swift */ = {isa = PBXFileReference; fileEncoding = 4; lastKnownFileType = sourcecode.swift; path = CourseInfoBlockView.swift; sourceTree = "<group>"; };
		496899A429360BEE0012B6D7 /* CoursesView.swift */ = {isa = PBXFileReference; fileEncoding = 4; lastKnownFileType = sourcecode.swift; path = CoursesView.swift; sourceTree = "<group>"; };
		496899A529360BEE0012B6D7 /* ScheduleView.swift */ = {isa = PBXFileReference; fileEncoding = 4; lastKnownFileType = sourcecode.swift; path = ScheduleView.swift; sourceTree = "<group>"; };
		496899A629360BEE0012B6D7 /* SidebarView.swift */ = {isa = PBXFileReference; fileEncoding = 4; lastKnownFileType = sourcecode.swift; path = SidebarView.swift; sourceTree = "<group>"; };
		496899A729360BEE0012B6D7 /* Launch Screen.swift */ = {isa = PBXFileReference; fileEncoding = 4; lastKnownFileType = sourcecode.swift; path = "Launch Screen.swift"; sourceTree = "<group>"; };
		49DEE7542966D6DA00759968 /* ChangeCourseView.swift */ = {isa = PBXFileReference; lastKnownFileType = sourcecode.swift; path = ChangeCourseView.swift; sourceTree = "<group>"; };
/* End PBXFileReference section */

/* Begin PBXFrameworksBuildPhase section */
		492DE684297134580032DAA9 /* Frameworks */ = {
			isa = PBXFrameworksBuildPhase;
			buildActionMask = 2147483647;
			files = (
			);
			runOnlyForDeploymentPostprocessing = 0;
		};
		4968997529360ACA0012B6D7 /* Frameworks */ = {
			isa = PBXFrameworksBuildPhase;
			buildActionMask = 2147483647;
			files = (
			);
			runOnlyForDeploymentPostprocessing = 0;
		};
/* End PBXFrameworksBuildPhase section */

/* Begin PBXGroup section */
		28AF0FB526769A0045F3A65C /* Extentions */ = {
			isa = PBXGroup;
			children = (
				28AF0E994FEF0495AA036F15 /* View+DragGesture.swift */,
			);
			path = Extentions;
			sourceTree = "<group>";
		};
		492DE688297134580032DAA9 /* StudentOSTests */ = {
			isa = PBXGroup;
			children = (
				492DE689297134580032DAA9 /* StudentOSTests.swift */,
				28AF08CBB0FD719F4A2DDBF0 /* ReferenceData.swift */,
			);
			path = StudentOSTests;
			sourceTree = "<group>";
		};
		49502BDD296C0E31000551B0 /* Functions */ = {
			isa = PBXGroup;
			children = (
				49502BDE296C0E57000551B0 /* CalendarFunctions.swift */,
			);
			path = Functions;
			sourceTree = "<group>";
		};
		4968996F29360ACA0012B6D7 = {
			isa = PBXGroup;
			children = (
				4968999529360BEE0012B6D7 /* StudentOS */,
				492DE688297134580032DAA9 /* StudentOSTests */,
				4968997929360ACA0012B6D7 /* Products */,
			);
			sourceTree = "<group>";
		};
		4968997929360ACA0012B6D7 /* Products */ = {
			isa = PBXGroup;
			children = (
				4968997829360ACA0012B6D7 /* StudentOS.app */,
				492DE687297134580032DAA9 /* StudentOSTests.xctest */,
			);
			name = Products;
			sourceTree = "<group>";
		};
		4968999529360BEE0012B6D7 /* StudentOS */ = {
			isa = PBXGroup;
			children = (
				28AF0FB526769A0045F3A65C /* Extentions */,
				49502BDD296C0E31000551B0 /* Functions */,
				4968999C29360BEE0012B6D7 /* Models */,
				4968999629360BEE0012B6D7 /* Other */,
				496899A029360BEE0012B6D7 /* StudentOSApp.swift */,
				496899A129360BEE0012B6D7 /* Views */,
			);
			path = StudentOS;
			sourceTree = "<group>";
		};
		4968999629360BEE0012B6D7 /* Other */ = {
			isa = PBXGroup;
			children = (
				4968999729360BEE0012B6D7 /* StudentOS.entitlements */,
				4968999829360BEE0012B6D7 /* TestData.swift */,
				4968999929360BEE0012B6D7 /* Assets.xcassets */,
				4968999A29360BEE0012B6D7 /* Preview Content */,
			);
			path = Other;
			sourceTree = "<group>";
		};
		4968999A29360BEE0012B6D7 /* Preview Content */ = {
			isa = PBXGroup;
			children = (
				4968999B29360BEE0012B6D7 /* Preview Assets.xcassets */,
			);
			path = "Preview Content";
			sourceTree = "<group>";
		};
		4968999C29360BEE0012B6D7 /* Models */ = {
			isa = PBXGroup;
			children = (
				4968999E29360BEE0012B6D7 /* Course.swift */,
				4968999D29360BEE0012B6D7 /* Schedule.swift */,
				4968999F29360BEE0012B6D7 /* Theme.swift */,
			);
			path = Models;
			sourceTree = "<group>";
		};
		496899A129360BEE0012B6D7 /* Views */ = {
			isa = PBXGroup;
			children = (
				496899A229360BEE0012B6D7 /* SubViews */,
				49DEE7542966D6DA00759968 /* ChangeCourseView.swift */,
				496899A429360BEE0012B6D7 /* CoursesView.swift */,
				496899A729360BEE0012B6D7 /* Launch Screen.swift */,
				496899A529360BEE0012B6D7 /* ScheduleView.swift */,
				496899A629360BEE0012B6D7 /* SidebarView.swift */,
			);
			path = Views;
			sourceTree = "<group>";
		};
		496899A229360BEE0012B6D7 /* SubViews */ = {
			isa = PBXGroup;
			children = (
				496899A329360BEE0012B6D7 /* CourseInfoBlockView.swift */,
			);
			path = SubViews;
			sourceTree = "<group>";
		};
/* End PBXGroup section */

/* Begin PBXNativeTarget section */
		492DE686297134580032DAA9 /* StudentOSTests */ = {
			isa = PBXNativeTarget;
			buildConfigurationList = 492DE68F297134590032DAA9 /* Build configuration list for PBXNativeTarget "StudentOSTests" */;
			buildPhases = (
				492DE683297134580032DAA9 /* Sources */,
				492DE684297134580032DAA9 /* Frameworks */,
				492DE685297134580032DAA9 /* Resources */,
			);
			buildRules = (
			);
			dependencies = (
				492DE68C297134580032DAA9 /* PBXTargetDependency */,
			);
			name = StudentOSTests;
			productName = StudentOSTests;
			productReference = 492DE687297134580032DAA9 /* StudentOSTests.xctest */;
			productType = "com.apple.product-type.bundle.unit-test";
		};
		4968997729360ACA0012B6D7 /* StudentOS */ = {
			isa = PBXNativeTarget;
			buildConfigurationList = 4968998729360AD00012B6D7 /* Build configuration list for PBXNativeTarget "StudentOS" */;
			buildPhases = (
				4968997429360ACA0012B6D7 /* Sources */,
				4968997529360ACA0012B6D7 /* Frameworks */,
				4968997629360ACA0012B6D7 /* Resources */,
			);
			buildRules = (
			);
			dependencies = (
			);
			name = StudentOS;
			productName = StudentOS;
			productReference = 4968997829360ACA0012B6D7 /* StudentOS.app */;
			productType = "com.apple.product-type.application";
		};
/* End PBXNativeTarget section */

/* Begin PBXProject section */
		4968997029360ACA0012B6D7 /* Project object */ = {
			isa = PBXProject;
			attributes = {
				BuildIndependentTargetsInParallel = 1;
				LastSwiftUpdateCheck = 1420;
				LastUpgradeCheck = 1420;
				TargetAttributes = {
					492DE686297134580032DAA9 = {
						CreatedOnToolsVersion = 14.2;
						TestTargetID = 4968997729360ACA0012B6D7;
					};
					4968997729360ACA0012B6D7 = {
						CreatedOnToolsVersion = 14.1;
					};
				};
			};
			buildConfigurationList = 4968997329360ACA0012B6D7 /* Build configuration list for PBXProject "StudentOS" */;
			compatibilityVersion = "Xcode 12.0";
			developmentRegion = en;
			hasScannedForEncodings = 0;
			knownRegions = (
				en,
				Base,
			);
			mainGroup = 4968996F29360ACA0012B6D7;
			productRefGroup = 4968997929360ACA0012B6D7 /* Products */;
			projectDirPath = "";
			projectRoot = "";
			targets = (
				4968997729360ACA0012B6D7 /* StudentOS */,
				492DE686297134580032DAA9 /* StudentOSTests */,
			);
		};
/* End PBXProject section */

/* Begin PBXResourcesBuildPhase section */
		492DE685297134580032DAA9 /* Resources */ = {
			isa = PBXResourcesBuildPhase;
			buildActionMask = 2147483647;
			files = (
			);
			runOnlyForDeploymentPostprocessing = 0;
		};
		4968997629360ACA0012B6D7 /* Resources */ = {
			isa = PBXResourcesBuildPhase;
			buildActionMask = 2147483647;
			files = (
				496899AA29360BEF0012B6D7 /* Preview Assets.xcassets in Resources */,
				496899A929360BEF0012B6D7 /* Assets.xcassets in Resources */,
			);
			runOnlyForDeploymentPostprocessing = 0;
		};
/* End PBXResourcesBuildPhase section */

/* Begin PBXSourcesBuildPhase section */
		492DE683297134580032DAA9 /* Sources */ = {
			isa = PBXSourcesBuildPhase;
			buildActionMask = 2147483647;
			files = (
				492DE68A297134580032DAA9 /* StudentOSTests.swift in Sources */,
				28AF077E896AA79AB8DF02E7 /* ReferenceData.swift in Sources */,
			);
			runOnlyForDeploymentPostprocessing = 0;
		};
		4968997429360ACA0012B6D7 /* Sources */ = {
			isa = PBXSourcesBuildPhase;
			buildActionMask = 2147483647;
			files = (
				496899AE29360BEF0012B6D7 /* StudentOSApp.swift in Sources */,
				49DEE7552966D6DA00759968 /* ChangeCourseView.swift in Sources */,
				496899AC29360BEF0012B6D7 /* Course.swift in Sources */,
				496899AD29360BEF0012B6D7 /* Theme.swift in Sources */,
				496899B329360BEF0012B6D7 /* Launch Screen.swift in Sources */,
				49502BDF296C0E57000551B0 /* CalendarFunctions.swift in Sources */,
				496899AF29360BEF0012B6D7 /* CourseInfoBlockView.swift in Sources */,
				496899AB29360BEF0012B6D7 /* Schedule.swift in Sources */,
				496899B229360BEF0012B6D7 /* SidebarView.swift in Sources */,
				496899B129360BEF0012B6D7 /* ScheduleView.swift in Sources */,
				496899B029360BEF0012B6D7 /* CoursesView.swift in Sources */,
				496899A829360BEF0012B6D7 /* TestData.swift in Sources */,
				28AF0A13C09A194A9AF9ADE8 /* View+DragGesture.swift in Sources */,
			);
			runOnlyForDeploymentPostprocessing = 0;
		};
/* End PBXSourcesBuildPhase section */

/* Begin PBXTargetDependency section */
		492DE68C297134580032DAA9 /* PBXTargetDependency */ = {
			isa = PBXTargetDependency;
			platformFilter = ios;
			target = 4968997729360ACA0012B6D7 /* StudentOS */;
			targetProxy = 492DE68B297134580032DAA9 /* PBXContainerItemProxy */;
		};
/* End PBXTargetDependency section */

/* Begin XCBuildConfiguration section */
		492DE68D297134590032DAA9 /* Debug */ = {
			isa = XCBuildConfiguration;
			buildSettings = {
				BUNDLE_LOADER = "$(TEST_HOST)";
				CODE_SIGN_STYLE = Automatic;
				CURRENT_PROJECT_VERSION = 1;
				DEVELOPMENT_TEAM = G4PV26QJD2;
				GENERATE_INFOPLIST_FILE = YES;
				IPHONEOS_DEPLOYMENT_TARGET = 16.2;
				"IPHONEOS_DEPLOYMENT_TARGET[sdk=macosx*]" = 16.2;
				MARKETING_VERSION = 1.0;
				PRODUCT_BUNDLE_IDENTIFIER = com.gruzinov.StudentOSTests;
				PRODUCT_NAME = "$(TARGET_NAME)";
				SDKROOT = iphoneos;
				SUPPORTED_PLATFORMS = "iphoneos iphonesimulator";
				SUPPORTS_MACCATALYST = YES;
				SUPPORTS_MAC_DESIGNED_FOR_IPHONE_IPAD = NO;
				SWIFT_EMIT_LOC_STRINGS = NO;
				SWIFT_VERSION = 5.0;
				TARGETED_DEVICE_FAMILY = "1,2";
				TEST_HOST = "$(BUILT_PRODUCTS_DIR)/StudentOS.app/$(BUNDLE_EXECUTABLE_FOLDER_PATH)/StudentOS";
			};
			name = Debug;
		};
		492DE68E297134590032DAA9 /* Release */ = {
			isa = XCBuildConfiguration;
			buildSettings = {
				BUNDLE_LOADER = "$(TEST_HOST)";
				CODE_SIGN_STYLE = Automatic;
				CURRENT_PROJECT_VERSION = 1;
				DEVELOPMENT_TEAM = G4PV26QJD2;
				GENERATE_INFOPLIST_FILE = YES;
				IPHONEOS_DEPLOYMENT_TARGET = 16.2;
				MARKETING_VERSION = 1.0;
				PRODUCT_BUNDLE_IDENTIFIER = com.gruzinov.StudentOSTests;
				PRODUCT_NAME = "$(TARGET_NAME)";
				SDKROOT = iphoneos;
				SUPPORTED_PLATFORMS = "iphoneos iphonesimulator";
				SUPPORTS_MACCATALYST = YES;
				SUPPORTS_MAC_DESIGNED_FOR_IPHONE_IPAD = NO;
				SWIFT_EMIT_LOC_STRINGS = NO;
				SWIFT_VERSION = 5.0;
				TARGETED_DEVICE_FAMILY = "1,2";
				TEST_HOST = "$(BUILT_PRODUCTS_DIR)/StudentOS.app/$(BUNDLE_EXECUTABLE_FOLDER_PATH)/StudentOS";
				VALIDATE_PRODUCT = YES;
			};
			name = Release;
		};
		4968998529360AD00012B6D7 /* Debug */ = {
			isa = XCBuildConfiguration;
			buildSettings = {
				ALWAYS_SEARCH_USER_PATHS = NO;
				CLANG_ANALYZER_NONNULL = YES;
				CLANG_ANALYZER_NUMBER_OBJECT_CONVERSION = YES_AGGRESSIVE;
				CLANG_CXX_LANGUAGE_STANDARD = "gnu++20";
				CLANG_ENABLE_MODULES = YES;
				CLANG_ENABLE_OBJC_ARC = YES;
				CLANG_ENABLE_OBJC_WEAK = YES;
				CLANG_WARN_BLOCK_CAPTURE_AUTORELEASING = YES;
				CLANG_WARN_BOOL_CONVERSION = YES;
				CLANG_WARN_COMMA = YES;
				CLANG_WARN_CONSTANT_CONVERSION = YES;
				CLANG_WARN_DEPRECATED_OBJC_IMPLEMENTATIONS = YES;
				CLANG_WARN_DIRECT_OBJC_ISA_USAGE = YES_ERROR;
				CLANG_WARN_DOCUMENTATION_COMMENTS = YES;
				CLANG_WARN_EMPTY_BODY = YES;
				CLANG_WARN_ENUM_CONVERSION = YES;
				CLANG_WARN_INFINITE_RECURSION = YES;
				CLANG_WARN_INT_CONVERSION = YES;
				CLANG_WARN_NON_LITERAL_NULL_CONVERSION = YES;
				CLANG_WARN_OBJC_IMPLICIT_RETAIN_SELF = YES;
				CLANG_WARN_OBJC_LITERAL_CONVERSION = YES;
				CLANG_WARN_OBJC_ROOT_CLASS = YES_ERROR;
				CLANG_WARN_QUOTED_INCLUDE_IN_FRAMEWORK_HEADER = YES;
				CLANG_WARN_RANGE_LOOP_ANALYSIS = YES;
				CLANG_WARN_STRICT_PROTOTYPES = YES;
				CLANG_WARN_SUSPICIOUS_MOVE = YES;
				CLANG_WARN_UNGUARDED_AVAILABILITY = YES_AGGRESSIVE;
				CLANG_WARN_UNREACHABLE_CODE = YES;
				CLANG_WARN__DUPLICATE_METHOD_MATCH = YES;
				COPY_PHASE_STRIP = NO;
				DEAD_CODE_STRIPPING = YES;
				DEBUG_INFORMATION_FORMAT = dwarf;
				ENABLE_STRICT_OBJC_MSGSEND = YES;
				ENABLE_TESTABILITY = YES;
				GCC_C_LANGUAGE_STANDARD = gnu11;
				GCC_DYNAMIC_NO_PIC = NO;
				GCC_NO_COMMON_BLOCKS = YES;
				GCC_OPTIMIZATION_LEVEL = 0;
				GCC_PREPROCESSOR_DEFINITIONS = (
					"DEBUG=1",
					"$(inherited)",
				);
				GCC_WARN_64_TO_32_BIT_CONVERSION = YES;
				GCC_WARN_ABOUT_RETURN_TYPE = YES_ERROR;
				GCC_WARN_UNDECLARED_SELECTOR = YES;
				GCC_WARN_UNINITIALIZED_AUTOS = YES_AGGRESSIVE;
				GCC_WARN_UNUSED_FUNCTION = YES;
				GCC_WARN_UNUSED_VARIABLE = YES;
				IPHONEOS_DEPLOYMENT_TARGET = 14.0;
				MACOSX_DEPLOYMENT_TARGET = 11.0;
				MTL_ENABLE_DEBUG_INFO = INCLUDE_SOURCE;
				MTL_FAST_MATH = YES;
				ONLY_ACTIVE_ARCH = YES;
				SWIFT_ACTIVE_COMPILATION_CONDITIONS = DEBUG;
				SWIFT_OPTIMIZATION_LEVEL = "-Onone";
			};
			name = Debug;
		};
		4968998629360AD00012B6D7 /* Release */ = {
			isa = XCBuildConfiguration;
			buildSettings = {
				ALWAYS_SEARCH_USER_PATHS = NO;
				CLANG_ANALYZER_NONNULL = YES;
				CLANG_ANALYZER_NUMBER_OBJECT_CONVERSION = YES_AGGRESSIVE;
				CLANG_CXX_LANGUAGE_STANDARD = "gnu++20";
				CLANG_ENABLE_MODULES = YES;
				CLANG_ENABLE_OBJC_ARC = YES;
				CLANG_ENABLE_OBJC_WEAK = YES;
				CLANG_WARN_BLOCK_CAPTURE_AUTORELEASING = YES;
				CLANG_WARN_BOOL_CONVERSION = YES;
				CLANG_WARN_COMMA = YES;
				CLANG_WARN_CONSTANT_CONVERSION = YES;
				CLANG_WARN_DEPRECATED_OBJC_IMPLEMENTATIONS = YES;
				CLANG_WARN_DIRECT_OBJC_ISA_USAGE = YES_ERROR;
				CLANG_WARN_DOCUMENTATION_COMMENTS = YES;
				CLANG_WARN_EMPTY_BODY = YES;
				CLANG_WARN_ENUM_CONVERSION = YES;
				CLANG_WARN_INFINITE_RECURSION = YES;
				CLANG_WARN_INT_CONVERSION = YES;
				CLANG_WARN_NON_LITERAL_NULL_CONVERSION = YES;
				CLANG_WARN_OBJC_IMPLICIT_RETAIN_SELF = YES;
				CLANG_WARN_OBJC_LITERAL_CONVERSION = YES;
				CLANG_WARN_OBJC_ROOT_CLASS = YES_ERROR;
				CLANG_WARN_QUOTED_INCLUDE_IN_FRAMEWORK_HEADER = YES;
				CLANG_WARN_RANGE_LOOP_ANALYSIS = YES;
				CLANG_WARN_STRICT_PROTOTYPES = YES;
				CLANG_WARN_SUSPICIOUS_MOVE = YES;
				CLANG_WARN_UNGUARDED_AVAILABILITY = YES_AGGRESSIVE;
				CLANG_WARN_UNREACHABLE_CODE = YES;
				CLANG_WARN__DUPLICATE_METHOD_MATCH = YES;
				COPY_PHASE_STRIP = NO;
				DEAD_CODE_STRIPPING = YES;
				DEBUG_INFORMATION_FORMAT = "dwarf-with-dsym";
				ENABLE_NS_ASSERTIONS = NO;
				ENABLE_STRICT_OBJC_MSGSEND = YES;
				GCC_C_LANGUAGE_STANDARD = gnu11;
				GCC_NO_COMMON_BLOCKS = YES;
				GCC_WARN_64_TO_32_BIT_CONVERSION = YES;
				GCC_WARN_ABOUT_RETURN_TYPE = YES_ERROR;
				GCC_WARN_UNDECLARED_SELECTOR = YES;
				GCC_WARN_UNINITIALIZED_AUTOS = YES_AGGRESSIVE;
				GCC_WARN_UNUSED_FUNCTION = YES;
				GCC_WARN_UNUSED_VARIABLE = YES;
				IPHONEOS_DEPLOYMENT_TARGET = 14.0;
				MACOSX_DEPLOYMENT_TARGET = 11.0;
				MTL_ENABLE_DEBUG_INFO = NO;
				MTL_FAST_MATH = YES;
				SWIFT_COMPILATION_MODE = wholemodule;
				SWIFT_OPTIMIZATION_LEVEL = "-O";
			};
			name = Release;
		};
		4968998829360AD00012B6D7 /* Debug */ = {
			isa = XCBuildConfiguration;
			buildSettings = {
				ASSETCATALOG_COMPILER_APPICON_NAME = AppIcon;
				ASSETCATALOG_COMPILER_GLOBAL_ACCENT_COLOR_NAME = AccentColor;
				CODE_SIGN_ENTITLEMENTS = StudentOS/Other/StudentOS.entitlements;
				CODE_SIGN_IDENTITY = "-";
				"CODE_SIGN_IDENTITY[sdk=iphoneos*]" = "Apple Development";
				CODE_SIGN_STYLE = Automatic;
				CURRENT_PROJECT_VERSION = 1;
				DEAD_CODE_STRIPPING = YES;
				DEVELOPMENT_ASSET_PATHS = "\"StudentOS/Other/Preview Content\"";
				DEVELOPMENT_TEAM = G4PV26QJD2;
				ENABLE_HARDENED_RUNTIME = YES;
				ENABLE_PREVIEWS = YES;
				GENERATE_INFOPLIST_FILE = YES;
				INFOPLIST_KEY_CFBundleDisplayName = "Student OS";
				INFOPLIST_KEY_LSApplicationCategoryType = "public.app-category.education";
				"INFOPLIST_KEY_UIApplicationSceneManifest_Generation[sdk=iphoneos*]" = YES;
				"INFOPLIST_KEY_UIApplicationSceneManifest_Generation[sdk=iphonesimulator*]" = YES;
				"INFOPLIST_KEY_UIApplicationSupportsIndirectInputEvents[sdk=iphoneos*]" = YES;
				"INFOPLIST_KEY_UIApplicationSupportsIndirectInputEvents[sdk=iphonesimulator*]" = YES;
				"INFOPLIST_KEY_UILaunchScreen_Generation[sdk=iphoneos*]" = YES;
				"INFOPLIST_KEY_UILaunchScreen_Generation[sdk=iphonesimulator*]" = YES;
				"INFOPLIST_KEY_UIStatusBarStyle[sdk=iphoneos*]" = UIStatusBarStyleDefault;
				"INFOPLIST_KEY_UIStatusBarStyle[sdk=iphonesimulator*]" = UIStatusBarStyleDefault;
				INFOPLIST_KEY_UISupportedInterfaceOrientations = UIInterfaceOrientationPortrait;
				INFOPLIST_KEY_UISupportedInterfaceOrientations_iPad = "UIInterfaceOrientationLandscapeLeft UIInterfaceOrientationLandscapeRight UIInterfaceOrientationPortrait UIInterfaceOrientationPortraitUpsideDown";
				IPHONEOS_DEPLOYMENT_TARGET = 14.0;
				LD_RUNPATH_SEARCH_PATHS = "@executable_path/Frameworks";
				"LD_RUNPATH_SEARCH_PATHS[sdk=macosx*]" = "@executable_path/../Frameworks";
				MACOSX_DEPLOYMENT_TARGET = 11.0;
				MARKETING_VERSION = 0.1.0;
				PRODUCT_BUNDLE_IDENTIFIER = com.gruzinov.StudentOS;
				PRODUCT_NAME = "$(TARGET_NAME)";
				SDKROOT = macosx;
				SUPPORTED_PLATFORMS = "iphoneos iphonesimulator macosx";
				SUPPORTS_MACCATALYST = NO;
				SUPPORTS_MAC_DESIGNED_FOR_IPHONE_IPAD = NO;
				SWIFT_EMIT_LOC_STRINGS = YES;
				SWIFT_VERSION = 5.0;
				TARGETED_DEVICE_FAMILY = "1,2";
			};
			name = Debug;
		};
		4968998929360AD00012B6D7 /* Release */ = {
			isa = XCBuildConfiguration;
			buildSettings = {
				ASSETCATALOG_COMPILER_APPICON_NAME = AppIcon;
				ASSETCATALOG_COMPILER_GLOBAL_ACCENT_COLOR_NAME = AccentColor;
				CODE_SIGN_ENTITLEMENTS = StudentOS/Other/StudentOS.entitlements;
				CODE_SIGN_IDENTITY = "-";
				"CODE_SIGN_IDENTITY[sdk=iphoneos*]" = "Apple Development";
				CODE_SIGN_STYLE = Automatic;
				CURRENT_PROJECT_VERSION = 1;
				DEAD_CODE_STRIPPING = YES;
				DEVELOPMENT_ASSET_PATHS = "\"StudentOS/Other/Preview Content\"";
				DEVELOPMENT_TEAM = G4PV26QJD2;
				ENABLE_HARDENED_RUNTIME = YES;
				ENABLE_PREVIEWS = YES;
				GENERATE_INFOPLIST_FILE = YES;
				INFOPLIST_KEY_CFBundleDisplayName = "Student OS";
				INFOPLIST_KEY_LSApplicationCategoryType = "public.app-category.education";
				"INFOPLIST_KEY_UIApplicationSceneManifest_Generation[sdk=iphoneos*]" = YES;
				"INFOPLIST_KEY_UIApplicationSceneManifest_Generation[sdk=iphonesimulator*]" = YES;
				"INFOPLIST_KEY_UIApplicationSupportsIndirectInputEvents[sdk=iphoneos*]" = YES;
				"INFOPLIST_KEY_UIApplicationSupportsIndirectInputEvents[sdk=iphonesimulator*]" = YES;
				"INFOPLIST_KEY_UILaunchScreen_Generation[sdk=iphoneos*]" = YES;
				"INFOPLIST_KEY_UILaunchScreen_Generation[sdk=iphonesimulator*]" = YES;
				"INFOPLIST_KEY_UIStatusBarStyle[sdk=iphoneos*]" = UIStatusBarStyleDefault;
				"INFOPLIST_KEY_UIStatusBarStyle[sdk=iphonesimulator*]" = UIStatusBarStyleDefault;
				INFOPLIST_KEY_UISupportedInterfaceOrientations = UIInterfaceOrientationPortrait;
				INFOPLIST_KEY_UISupportedInterfaceOrientations_iPad = "UIInterfaceOrientationLandscapeLeft UIInterfaceOrientationLandscapeRight UIInterfaceOrientationPortrait UIInterfaceOrientationPortraitUpsideDown";
				IPHONEOS_DEPLOYMENT_TARGET = 14.0;
				LD_RUNPATH_SEARCH_PATHS = "@executable_path/Frameworks";
				"LD_RUNPATH_SEARCH_PATHS[sdk=macosx*]" = "@executable_path/../Frameworks";
				MACOSX_DEPLOYMENT_TARGET = 11.0;
				MARKETING_VERSION = 0.1.0;
				PRODUCT_BUNDLE_IDENTIFIER = com.gruzinov.StudentOS;
				PRODUCT_NAME = "$(TARGET_NAME)";
				SDKROOT = macosx;
				SUPPORTED_PLATFORMS = "iphoneos iphonesimulator macosx";
				SUPPORTS_MACCATALYST = NO;
				SUPPORTS_MAC_DESIGNED_FOR_IPHONE_IPAD = NO;
				SWIFT_EMIT_LOC_STRINGS = YES;
				SWIFT_VERSION = 5.0;
				TARGETED_DEVICE_FAMILY = "1,2";
			};
			name = Release;
		};
/* End XCBuildConfiguration section */

/* Begin XCConfigurationList section */
		492DE68F297134590032DAA9 /* Build configuration list for PBXNativeTarget "StudentOSTests" */ = {
			isa = XCConfigurationList;
			buildConfigurations = (
				492DE68D297134590032DAA9 /* Debug */,
				492DE68E297134590032DAA9 /* Release */,
			);
			defaultConfigurationIsVisible = 0;
			defaultConfigurationName = Release;
		};
		4968997329360ACA0012B6D7 /* Build configuration list for PBXProject "StudentOS" */ = {
			isa = XCConfigurationList;
			buildConfigurations = (
				4968998529360AD00012B6D7 /* Debug */,
				4968998629360AD00012B6D7 /* Release */,
			);
			defaultConfigurationIsVisible = 0;
			defaultConfigurationName = Release;
		};
		4968998729360AD00012B6D7 /* Build configuration list for PBXNativeTarget "StudentOS" */ = {
			isa = XCConfigurationList;
			buildConfigurations = (
				4968998829360AD00012B6D7 /* Debug */,
				4968998929360AD00012B6D7 /* Release */,
			);
			defaultConfigurationIsVisible = 0;
			defaultConfigurationName = Release;
		};
/* End XCConfigurationList section */
	};
	rootObject = 4968997029360ACA0012B6D7 /* Project object */;
}
